{
  "requires": true,
  "lockfileVersion": 1,
  "dependencies": {
    "aggregation": {
      "version": "1.2.7",
      "resolved": "https://registry.npmjs.org/aggregation/-/aggregation-1.2.7.tgz",
      "integrity": "sha512-srZKi3tJbkdOeCtGBG7o6+qtRZ//ksJhlt9rtFipWdt/VohD6KJ954Qi99GG1c4PHu4yjPktQyP+vjgXOF6eUw=="
    }
  }
}
